
Microsoft Visual Studio Solution File, Format Version 12.00
# Visual Studio Version 17
VisualStudioVersion = 17.7.34018.315
MinimumVisualStudioVersion = 10.0.40219.1
Project("{FAE04EC0-301F-11D3-BF4B-00C04F79EFBC}") = "assignment_db", "assignment_db\assignment_db.csproj", "{6C24EE22-F553-4349-8F67-1F5D61DD153F}"
EndProject
Global
	GlobalSection(SolutionConfigurationPlatforms) = preSolution
		Debug|Any CPU = Debug|Any CPU
		Release|Any CPU = Release|Any CPU
	EndGlobalSection
	GlobalSection(ProjectConfigurationPlatforms) = postSolution
		{6C24EE22-F553-4349-8F67-1F5D61DD153F}.Debug|Any CPU.ActiveCfg = Debug|Any CPU
		{6C24EE22-F553-4349-8F67-1F5D61DD153F}.Debug|Any CPU.Build.0 = Debug|Any CPU
		{6C24EE22-F553-4349-8F67-1F5D61DD153F}.Release|Any CPU.ActiveCfg = Release|Any CPU
		{6C24EE22-F553-4349-8F67-1F5D61DD153F}.Release|Any CPU.Build.0 = Release|Any CPU
	EndGlobalSection
	GlobalSection(SolutionProperties) = preSolution
		HideSolutionNode = FALSE
	EndGlobalSection
	GlobalSection(ExtensibilityGlobals) = postSolution
		SolutionGuid = {F4DF52CA-A6E4-41B6-A3A5-3DEEB6062877}
	EndGlobalSection
EndGlobal
